
Microsoft Visual Studio Solution File, Format Version 11.00
# Visual Studio 2010
Project("{FAE04EC0-301F-11D3-BF4B-00C04F79EFBC}") = "Assembly-CSharp", "Assembly-CSharp.csproj", "{6AFF92AB-47FA-EFAA-EBD7-048A89C42340}"
EndProject
Global
	GlobalSection(SolutionConfigurationPlatforms) = preSolution
		Debug|Any CPU = Debug|Any CPU
		Release|Any CPU = Release|Any CPU
	EndGlobalSection
	GlobalSection(ProjectConfigurationPlatforms) = postSolution
		{6AFF92AB-47FA-EFAA-EBD7-048A89C42340}.Debug|Any CPU.ActiveCfg = Debug|Any CPU
		{6AFF92AB-47FA-EFAA-EBD7-048A89C42340}.Debug|Any CPU.Build.0 = Debug|Any CPU
		{6AFF92AB-47FA-EFAA-EBD7-048A89C42340}.Release|Any CPU.ActiveCfg = Release|Any CPU
		{6AFF92AB-47FA-EFAA-EBD7-048A89C42340}.Release|Any CPU.Build.0 = Release|Any CPU
	EndGlobalSection
	GlobalSection(SolutionProperties) = preSolution
		HideSolutionNode = FALSE
	EndGlobalSection
EndGlobal
